# This file is generated by running "yarn install" inside your project.
# Manual changes might be lost - proceed with caution!

__metadata:
  version: 4
  cacheKey: 8

"@hg/cli@npm:1.0.5":
  version: 1.0.5
  resolution: "@hg/cli@npm:1.0.5::__archiveUrl=https%3A%2F%2Fgitlab.com%2Fapi%2Fv4%2Fprojects%2F27373916%2Fpackages%2Fnpm%2F%40hg%2Fcli%2F-%2F%40hg%2Fcli-1.0.5.tgz"
  dependencies:
    "@nestjs/common": 7.6.18
    "@nestjs/core": 7.6.18
    is-ci: 3.0.0
    nestjs-command: 2.0.1
    reflect-metadata: 0.1.13
    rxjs: 6.6.7
    tsc-watch: 4.4.0
    tslib: 2.3.1
    typescript: 4.3.5
    yargs: 15.4.1
  checksum: b711625a3678f726eef337a30e0107e1e38419e6ff4d3c8c38108a429eb9ad199fe69272df5d396f889d674d1306c1ce9c66eef6fe0c6cf72ca868ef6594cff0
  languageName: node
  linkType: hard

"@nestjs/common@npm:7.6.18":
  version: 7.6.18
  resolution: "@nestjs/common@npm:7.6.18"
  dependencies:
    axios: 0.21.1
    iterare: 1.2.1
    tslib: 2.2.0
    uuid: 8.3.2
  peerDependencies:
    cache-manager: "*"
    class-transformer: "*"
    class-validator: "*"
    reflect-metadata: ^0.1.12
    rxjs: ^6.0.0
  peerDependenciesMeta:
    cache-manager:
      optional: true
    class-transformer:
      optional: true
    class-validator:
      optional: true
  checksum: bceea9c1575ebbc0d83bbebbc4de5d105f5324996dd3ebed2f951a23b45eea5b76b22f6ffcfd9f679ebc2053ef1f6bfb5b0f0d429ae1aba2c9d979c18b262116
  languageName: node
  linkType: hard

"@nestjs/core@npm:7.6.18":
  version: 7.6.18
  resolution: "@nestjs/core@npm:7.6.18"
  dependencies:
    "@nuxtjs/opencollective": 0.3.2
    fast-safe-stringify: 2.0.7
    iterare: 1.2.1
    object-hash: 2.1.1
    path-to-regexp: 3.2.0
    tslib: 2.2.0
    uuid: 8.3.2
  peerDependencies:
    "@nestjs/common": ^7.0.0
    "@nestjs/microservices": ^7.0.0
    "@nestjs/platform-express": ^7.0.0
    "@nestjs/websockets": ^7.0.0
    reflect-metadata: ^0.1.12
    rxjs: ^6.0.0
  peerDependenciesMeta:
    "@nestjs/microservices":
      optional: true
    "@nestjs/platform-express":
      optional: true
    "@nestjs/websockets":
      optional: true
  checksum: c148c3548dc62b82da25aa8409740e1c8932235af30e2173c72a4bff9a435bf000078c5322c7dc6623e37ae7517c862de0eed970c18d82242b15c19d3fe5b3e3
  languageName: node
  linkType: hard

"@nuxtjs/opencollective@npm:0.3.2":
  version: 0.3.2
  resolution: "@nuxtjs/opencollective@npm:0.3.2"
  dependencies:
    chalk: ^4.1.0
    consola: ^2.15.0
    node-fetch: ^2.6.1
  bin:
    opencollective: bin/opencollective.js
  checksum: fd3737c12edf55b5c2279674664c3ed5e756410ea82e9cd324c3f0e032ed5ccd8df1959ec69ea97f2f1c9c33c884aae3d7a7108a73ea0faa90d74ea47cf364d4
  languageName: node
  linkType: hard

"ansi-regex@npm:^5.0.0":
  version: 5.0.1
  resolution: "ansi-regex@npm:5.0.1"
  checksum: 2aa4bb54caf2d622f1afdad09441695af2a83aa3fe8b8afa581d205e57ed4261c183c4d3877cee25794443fde5876417d859c108078ab788d6af7e4fe52eb66b
  languageName: node
  linkType: hard

"ansi-styles@npm:^4.0.0, ansi-styles@npm:^4.1.0":
  version: 4.3.0
  resolution: "ansi-styles@npm:4.3.0"
  dependencies:
    color-convert: ^2.0.1
  checksum: 513b44c3b2105dd14cc42a19271e80f386466c4be574bccf60b627432f9198571ebf4ab1e4c3ba17347658f4ee1711c163d574248c0c1cdc2d5917a0ad582ec4
  languageName: node
  linkType: hard

"axios@npm:0.21.1":
  version: 0.21.1
  resolution: "axios@npm:0.21.1"
  dependencies:
    follow-redirects: ^1.10.0
  checksum: c87915fa0b18c15c63350112b6b3563a3e2ae524d7707de0a73d2e065e0d30c5d3da8563037bc29d4cc1b7424b5a350cb7274fa52525c6c04a615fe561c6ab11
  languageName: node
  linkType: hard

"camelcase@npm:^5.0.0":
  version: 5.3.1
  resolution: "camelcase@npm:5.3.1"
  checksum: e6effce26b9404e3c0f301498184f243811c30dfe6d0b9051863bd8e4034d09c8c2923794f280d6827e5aa055f6c434115ff97864a16a963366fb35fd673024b
  languageName: node
  linkType: hard

"chalk@npm:^4.1.0":
  version: 4.1.2
  resolution: "chalk@npm:4.1.2"
  dependencies:
    ansi-styles: ^4.1.0
    supports-color: ^7.1.0
  checksum: fe75c9d5c76a7a98d45495b91b2172fa3b7a09e0cc9370e5c8feb1c567b85c4288e2b3fded7cfdd7359ac28d6b3844feb8b82b8686842e93d23c827c417e83fc
  languageName: node
  linkType: hard

"ci-info@npm:^3.1.1":
  version: 3.2.0
  resolution: "ci-info@npm:3.2.0"
  checksum: c68995a94e95ce3f233ff845e62dfc56f2e8ff1e3f5c1361bcdd520cbbc9726d8a54cbc1a685cb9ee19c3c5e71a1dade6dda23eb364b59b8e6c32508a9b761bc
  languageName: node
  linkType: hard

"cliui@npm:^6.0.0":
  version: 6.0.0
  resolution: "cliui@npm:6.0.0"
  dependencies:
    string-width: ^4.2.0
    strip-ansi: ^6.0.0
    wrap-ansi: ^6.2.0
  checksum: 4fcfd26d292c9f00238117f39fc797608292ae36bac2168cfee4c85923817d0607fe21b3329a8621e01aedf512c99b7eaa60e363a671ffd378df6649fb48ae42
  languageName: node
  linkType: hard

"color-convert@npm:^2.0.1":
  version: 2.0.1
  resolution: "color-convert@npm:2.0.1"
  dependencies:
    color-name: ~1.1.4
  checksum: 79e6bdb9fd479a205c71d89574fccfb22bd9053bd98c6c4d870d65c132e5e904e6034978e55b43d69fcaa7433af2016ee203ce76eeba9cfa554b373e7f7db336
  languageName: node
  linkType: hard

"color-name@npm:~1.1.4":
  version: 1.1.4
  resolution: "color-name@npm:1.1.4"
  checksum: b0445859521eb4021cd0fb0cc1a75cecf67fceecae89b63f62b201cca8d345baf8b952c966862a9d9a2632987d4f6581f0ec8d957dfacece86f0a7919316f610
  languageName: node
  linkType: hard

"consola@npm:^2.15.0":
  version: 2.15.3
  resolution: "consola@npm:2.15.3"
  checksum: 8ef7a09b703ec67ac5c389a372a33b6dc97eda6c9876443a60d76a3076eea0259e7f67a4e54fd5a52f97df73690822d090cf8b7e102b5761348afef7c6d03e28
  languageName: node
  linkType: hard

"cross-spawn@npm:^7.0.3":
  version: 7.0.3
  resolution: "cross-spawn@npm:7.0.3"
  dependencies:
    path-key: ^3.1.0
    shebang-command: ^2.0.0
    which: ^2.0.1
  checksum: 671cc7c7288c3a8406f3c69a3ae2fc85555c04169e9d611def9a675635472614f1c0ed0ef80955d5b6d4e724f6ced67f0ad1bb006c2ea643488fcfef994d7f52
  languageName: node
  linkType: hard

"decamelize@npm:^1.2.0":
  version: 1.2.0
  resolution: "decamelize@npm:1.2.0"
  checksum: ad8c51a7e7e0720c70ec2eeb1163b66da03e7616d7b98c9ef43cce2416395e84c1e9548dd94f5f6ffecfee9f8b94251fc57121a8b021f2ff2469b2bae247b8aa
  languageName: node
  linkType: hard

"duplexer@npm:~0.1.1":
  version: 0.1.2
  resolution: "duplexer@npm:0.1.2"
  checksum: 62ba61a830c56801db28ff6305c7d289b6dc9f859054e8c982abd8ee0b0a14d2e9a8e7d086ffee12e868d43e2bbe8a964be55ddbd8c8957714c87373c7a4f9b0
  languageName: node
  linkType: hard

"emoji-regex@npm:^8.0.0":
  version: 8.0.0
  resolution: "emoji-regex@npm:8.0.0"
  checksum: d4c5c39d5a9868b5fa152f00cada8a936868fd3367f33f71be515ecee4c803132d11b31a6222b2571b1e5f7e13890156a94880345594d0ce7e3c9895f560f192
  languageName: node
  linkType: hard

"event-stream@npm:=3.3.4":
  version: 3.3.4
  resolution: "event-stream@npm:3.3.4"
  dependencies:
    duplexer: ~0.1.1
    from: ~0
    map-stream: ~0.1.0
    pause-stream: 0.0.11
    split: 0.3
    stream-combiner: ~0.0.4
    through: ~2.3.1
  checksum: 80b467820b6daf824d9fb4345d2daf115a056e5c104463f2e98534e92d196a27f2df5ea2aa085624db26f4c45698905499e881d13bc7c01f7a13eac85be72a22
  languageName: node
  linkType: hard

"fast-safe-stringify@npm:2.0.7":
  version: 2.0.7
  resolution: "fast-safe-stringify@npm:2.0.7"
  checksum: e0055e231d1fe0f97863dcfb45f5f285d59e3d23210e1e8a31348829e4a584e04ffe49f5944a0ba2f21d753b67b0ecb6f0ffc49ecd8c7f6f531cbcd45a5f606b
  languageName: node
  linkType: hard

"find-up@npm:^4.1.0":
  version: 4.1.0
  resolution: "find-up@npm:4.1.0"
  dependencies:
    locate-path: ^5.0.0
    path-exists: ^4.0.0
  checksum: 4c172680e8f8c1f78839486e14a43ef82e9decd0e74145f40707cc42e7420506d5ec92d9a11c22bd2c48fb0c384ea05dd30e10dd152fefeec6f2f75282a8b844
  languageName: node
  linkType: hard

"follow-redirects@npm:^1.10.0":
  version: 1.14.4
  resolution: "follow-redirects@npm:1.14.4"
  peerDependenciesMeta:
    debug:
      optional: true
  checksum: d4ce74cf5c6f363168b97e706b914eb9ffb6bf4d4c6d8f8330b93088d9b90e566611ddbcf0e42c8ed5fd17598dfeda1d19230d3e9d6d6c6b4d1c10ec3a0b99be
  languageName: node
  linkType: hard

"from@npm:~0":
  version: 0.1.7
  resolution: "from@npm:0.1.7"
  checksum: b85125b7890489656eb2e4f208f7654a93ec26e3aefaf3bbbcc0d496fc1941e4405834fcc9fe7333192aa2187905510ace70417bbf9ac6f6f4784a731d986939
  languageName: node
  linkType: hard

"get-caller-file@npm:^2.0.1":
  version: 2.0.5
  resolution: "get-caller-file@npm:2.0.5"
  checksum: b9769a836d2a98c3ee734a88ba712e62703f1df31b94b784762c433c27a386dd6029ff55c2a920c392e33657d80191edbf18c61487e198844844516f843496b9
  languageName: node
  linkType: hard

"has-flag@npm:^4.0.0":
  version: 4.0.0
  resolution: "has-flag@npm:4.0.0"
  checksum: 261a1357037ead75e338156b1f9452c016a37dcd3283a972a30d9e4a87441ba372c8b81f818cd0fbcd9c0354b4ae7e18b9e1afa1971164aef6d18c2b6095a8ad
  languageName: node
  linkType: hard

"is-ci@npm:3.0.0":
  version: 3.0.0
  resolution: "is-ci@npm:3.0.0"
  dependencies:
    ci-info: ^3.1.1
  bin:
    is-ci: bin.js
  checksum: 4b45aef32dd42dcb1f6fb3cd4b3a7ee7e18ea47516d2129005f46c3f36983506bb471382bac890973cf48a2f60d926a24461674ca2d9dc10744d82d4a876c26b
  languageName: node
  linkType: hard

"is-fullwidth-code-point@npm:^3.0.0":
  version: 3.0.0
  resolution: "is-fullwidth-code-point@npm:3.0.0"
  checksum: 44a30c29457c7fb8f00297bce733f0a64cd22eca270f83e58c105e0d015e45c019491a4ab2faef91ab51d4738c670daff901c799f6a700e27f7314029e99e348
  languageName: node
  linkType: hard

"isexe@npm:^2.0.0":
  version: 2.0.0
  resolution: "isexe@npm:2.0.0"
  checksum: 26bf6c5480dda5161c820c5b5c751ae1e766c587b1f951ea3fcfc973bafb7831ae5b54a31a69bd670220e42e99ec154475025a468eae58ea262f813fdc8d1c62
  languageName: node
  linkType: hard

"iterare@npm:1.2.1":
  version: 1.2.1
  resolution: "iterare@npm:1.2.1"
  checksum: 70bc80038e3718aa9072bc63b3a0135166d7120bde46bfcaf80a88d11005dcef1b2d69cd353849f87a3f58ba8f546a8c6e6983408236ff01fa50b52339ee5223
  languageName: node
  linkType: hard

"locate-path@npm:^5.0.0":
  version: 5.0.0
  resolution: "locate-path@npm:5.0.0"
  dependencies:
    p-locate: ^4.1.0
  checksum: 83e51725e67517287d73e1ded92b28602e3ae5580b301fe54bfb76c0c723e3f285b19252e375712316774cf52006cb236aed5704692c32db0d5d089b69696e30
  languageName: node
  linkType: hard

"lodash.compact@npm:^3.0.1":
  version: 3.0.1
  resolution: "lodash.compact@npm:3.0.1"
  checksum: 75039eddfa5ef2ea0da1fc3d36515e92227241f94258b3dcf771196e741c878698ce5b79c0cb7fe758841c9dfd0e6fa222888985aadc0384fd79bbc9680dd829
  languageName: node
  linkType: hard

"lodash.flattendeep@npm:^4.4.0":
  version: 4.4.0
  resolution: "lodash.flattendeep@npm:4.4.0"
  checksum: 8521c919acac3d4bcf0aaf040c1ca9cb35d6c617e2d72e9b4d51c9a58b4366622cd6077441a18be626c3f7b28227502b3bf042903d447b056ee7e0b11d45c722
  languageName: node
  linkType: hard

"map-stream@npm:~0.1.0":
  version: 0.1.0
  resolution: "map-stream@npm:0.1.0"
  checksum: 38abbe4eb883888031e6b2fc0630bc583c99396be16b8ace5794b937b682a8a081f03e8b15bfd4914d1bc88318f0e9ac73ba3512ae65955cd449f63256ddb31d
  languageName: node
  linkType: hard

"nestjs-command@npm:2.0.1":
  version: 2.0.1
  resolution: "nestjs-command@npm:2.0.1"
  dependencies:
    lodash.compact: ^3.0.1
    lodash.flattendeep: ^4.4.0
  peerDependencies:
    "@nestjs/common": ^6.0.0 || ^7.0.0 || ^8.0.0
    "@nestjs/core": ^6.0.0 || ^7.0.0 || ^8.0.0
    yargs: ^11.0.0 || ^12.0.0 || ^13.0.0 || ^14.0.0 || ^15.0.0
  bin:
    nestjs-command: bin/cli
  checksum: 3665255e827a74048ceadfb4b8734ce80a62e89ba5153303afca759838a7dc71c70eb51e2d4b173c7e90f703f418065cea4408393fc56058ad4cd21870069fa0
  languageName: node
  linkType: hard

"node-cleanup@npm:^2.1.2":
  version: 2.1.2
  resolution: "node-cleanup@npm:2.1.2"
  checksum: 584cdc3e42560a998b4579f91ed8f936b27011628f3102e5a1093205f0691cdf8d899287d1f2e4d2071ea4ab1d615810bad6dbe2b988ef173a1cbaa76d8165b3
  languageName: node
  linkType: hard

"node-fetch@npm:^2.6.1":
  version: 2.6.2
  resolution: "node-fetch@npm:2.6.2"
  checksum: de367eae1dfbc0e12283c1cf92256ea7fba7eac8655e2e51ebb217727162396fc6cf24689ef9fc6accf075e3991e2ffaa061f7cfaa958215329649b2297ff06d
  languageName: node
  linkType: hard

"object-hash@npm:2.1.1":
  version: 2.1.1
  resolution: "object-hash@npm:2.1.1"
  checksum: 3b74c4c8ba64f4e7ed33cb53cdecd5e8d4c7c3e16d9322ddecc75fb9e2da574646f112c8404a7f743f3185ced30fcff7915f59968dfa4bbbf741976c48265a21
  languageName: node
  linkType: hard

"p-limit@npm:^2.2.0":
  version: 2.3.0
  resolution: "p-limit@npm:2.3.0"
  dependencies:
    p-try: ^2.0.0
  checksum: 84ff17f1a38126c3314e91ecfe56aecbf36430940e2873dadaa773ffe072dc23b7af8e46d4b6485d302a11673fe94c6b67ca2cfbb60c989848b02100d0594ac1
  languageName: node
  linkType: hard

"p-locate@npm:^4.1.0":
  version: 4.1.0
  resolution: "p-locate@npm:4.1.0"
  dependencies:
    p-limit: ^2.2.0
  checksum: 513bd14a455f5da4ebfcb819ef706c54adb09097703de6aeaa5d26fe5ea16df92b48d1ac45e01e3944ce1e6aa2a66f7f8894742b8c9d6e276e16cd2049a2b870
  languageName: node
  linkType: hard

"p-try@npm:^2.0.0":
  version: 2.2.0
  resolution: "p-try@npm:2.2.0"
  checksum: f8a8e9a7693659383f06aec604ad5ead237c7a261c18048a6e1b5b85a5f8a067e469aa24f5bc009b991ea3b058a87f5065ef4176793a200d4917349881216cae
  languageName: node
  linkType: hard

"path-exists@npm:^4.0.0":
  version: 4.0.0
  resolution: "path-exists@npm:4.0.0"
  checksum: 505807199dfb7c50737b057dd8d351b82c033029ab94cb10a657609e00c1bc53b951cfdbccab8de04c5584d5eff31128ce6afd3db79281874a5ef2adbba55ed1
  languageName: node
  linkType: hard

"path-key@npm:^3.1.0":
  version: 3.1.1
  resolution: "path-key@npm:3.1.1"
  checksum: 55cd7a9dd4b343412a8386a743f9c746ef196e57c823d90ca3ab917f90ab9f13dd0ded27252ba49dbdfcab2b091d998bc446f6220cd3cea65db407502a740020
  languageName: node
  linkType: hard

"path-to-regexp@npm:3.2.0":
  version: 3.2.0
  resolution: "path-to-regexp@npm:3.2.0"
  checksum: c3d35cda3b26d9e604d789b9a1764bb9845f53ca8009d5809356b4677a3c064b0f01117a05a5b4b77bafd5ae002a82592e3f3495e885c22961f8b1dab8bd6ae7
  languageName: node
  linkType: hard

"pause-stream@npm:0.0.11":
  version: 0.0.11
  resolution: "pause-stream@npm:0.0.11"
  dependencies:
    through: ~2.3
  checksum: 3c4a14052a638b92e0c96eb00c0d7977df7f79ea28395250c525d197f1fc02d34ce1165d5362e2e6ebbb251524b94a76f3f0d4abc39ab8b016d97449fe15583c
  languageName: node
  linkType: hard

"ps-tree@npm:^1.2.0":
  version: 1.2.0
  resolution: "ps-tree@npm:1.2.0"
  dependencies:
    event-stream: =3.3.4
  bin:
    ps-tree: ./bin/ps-tree.js
  checksum: e635dd00f53d30d31696cf5f95b3a8dbdf9b1aeb36d4391578ce8e8cd22949b7c5536c73b0dc18c78615ea3ddd4be96101166be59ca2e3e3cb1e2f79ba3c7f98
  languageName: node
  linkType: hard

"reflect-metadata@npm:0.1.13":
  version: 0.1.13
  resolution: "reflect-metadata@npm:0.1.13"
  checksum: 798d379a7b6f6455501145419505c97dd11cbc23857a386add2b9ef15963ccf15a48d9d15507afe01d4cd74116df8a213247200bac00320bd7c11ddeaa5e8fb4
  languageName: node
  linkType: hard

"repro@workspace:.":
  version: 0.0.0-use.local
  resolution: "repro@workspace:."
  dependencies:
    "@hg/cli": 1.0.5
  languageName: unknown
  linkType: soft

"require-directory@npm:^2.1.1":
  version: 2.1.1
  resolution: "require-directory@npm:2.1.1"
  checksum: fb47e70bf0001fdeabdc0429d431863e9475e7e43ea5f94ad86503d918423c1543361cc5166d713eaa7029dd7a3d34775af04764bebff99ef413111a5af18c80
  languageName: node
  linkType: hard

"require-main-filename@npm:^2.0.0":
  version: 2.0.0
  resolution: "require-main-filename@npm:2.0.0"
  checksum: e9e294695fea08b076457e9ddff854e81bffbe248ed34c1eec348b7abbd22a0d02e8d75506559e2265e96978f3c4720bd77a6dad84755de8162b357eb6c778c7
  languageName: node
  linkType: hard

"rxjs@npm:6.6.7":
  version: 6.6.7
  resolution: "rxjs@npm:6.6.7"
  dependencies:
    tslib: ^1.9.0
  checksum: bc334edef1bb8bbf56590b0b25734ba0deaf8825b703256a93714308ea36dff8a11d25533671adf8e104e5e8f256aa6fdfe39b2e248cdbd7a5f90c260acbbd1b
  languageName: node
  linkType: hard

"set-blocking@npm:^2.0.0":
  version: 2.0.0
  resolution: "set-blocking@npm:2.0.0"
  checksum: 6e65a05f7cf7ebdf8b7c75b101e18c0b7e3dff4940d480efed8aad3a36a4005140b660fa1d804cb8bce911cac290441dc728084a30504d3516ac2ff7ad607b02
  languageName: node
  linkType: hard

"shebang-command@npm:^2.0.0":
  version: 2.0.0
  resolution: "shebang-command@npm:2.0.0"
  dependencies:
    shebang-regex: ^3.0.0
  checksum: 6b52fe87271c12968f6a054e60f6bde5f0f3d2db483a1e5c3e12d657c488a15474121a1d55cd958f6df026a54374ec38a4a963988c213b7570e1d51575cea7fa
  languageName: node
  linkType: hard

"shebang-regex@npm:^3.0.0":
  version: 3.0.0
  resolution: "shebang-regex@npm:3.0.0"
  checksum: 1a2bcae50de99034fcd92ad4212d8e01eedf52c7ec7830eedcf886622804fe36884278f2be8be0ea5fde3fd1c23911643a4e0f726c8685b61871c8908af01222
  languageName: node
  linkType: hard

"split@npm:0.3":
  version: 0.3.3
  resolution: "split@npm:0.3.3"
  dependencies:
    through: 2
  checksum: 2e076634c9637cfdc54ab4387b6a243b8c33b360874a25adf6f327a5647f07cb3bf1c755d515248eb3afee4e382278d01f62c62d87263c118f28065b86f74f02
  languageName: node
  linkType: hard

"stream-combiner@npm:~0.0.4":
  version: 0.0.4
  resolution: "stream-combiner@npm:0.0.4"
  dependencies:
    duplexer: ~0.1.1
  checksum: 844b622cfe8b9de45a6007404f613b60aaf85200ab9862299066204242f89a7c8033b1c356c998aa6cfc630f6cd9eba119ec1c6dc1f93e245982be4a847aee7d
  languageName: node
  linkType: hard

"string-argv@npm:^0.1.1":
  version: 0.1.2
  resolution: "string-argv@npm:0.1.2"
  checksum: 6877bd72af145f6e6eafa932818014a57b2f39225c924562b7fccb50f1fcee73717bbcd5e528fd4d86cec32835c14749c32a9d35f06e0bf96637d1e73158203f
  languageName: node
  linkType: hard

"string-width@npm:^4.1.0, string-width@npm:^4.2.0":
  version: 4.2.2
  resolution: "string-width@npm:4.2.2"
  dependencies:
    emoji-regex: ^8.0.0
    is-fullwidth-code-point: ^3.0.0
    strip-ansi: ^6.0.0
  checksum: 343e089b0e66e0f72aab4ad1d9b6f2c9cc5255844b0c83fd9b53f2a3b3fd0421bdd6cb05be96a73117eb012db0887a6c1d64ca95aaa50c518e48980483fea0ab
  languageName: node
  linkType: hard

"strip-ansi@npm:^6.0.0":
  version: 6.0.0
  resolution: "strip-ansi@npm:6.0.0"
  dependencies:
    ansi-regex: ^5.0.0
  checksum: 04c3239ede44c4d195b0e66c0ad58b932f08bec7d05290416d361ff908ad282ecdaf5d9731e322c84f151d427436bde01f05b7422c3ec26dd927586736b0e5d0
  languageName: node
  linkType: hard

"supports-color@npm:^7.1.0":
  version: 7.2.0
  resolution: "supports-color@npm:7.2.0"
  dependencies:
    has-flag: ^4.0.0
  checksum: 3dda818de06ebbe5b9653e07842d9479f3555ebc77e9a0280caf5a14fb877ffee9ed57007c3b78f5a6324b8dbeec648d9e97a24e2ed9fdb81ddc69ea07100f4a
  languageName: node
  linkType: hard

"through@npm:2, through@npm:~2.3, through@npm:~2.3.1":
  version: 2.3.8
  resolution: "through@npm:2.3.8"
  checksum: a38c3e059853c494af95d50c072b83f8b676a9ba2818dcc5b108ef252230735c54e0185437618596c790bbba8fcdaef5b290405981ffa09dce67b1f1bf190cbd
  languageName: node
  linkType: hard

"tsc-watch@npm:4.4.0":
  version: 4.4.0
  resolution: "tsc-watch@npm:4.4.0"
  dependencies:
    cross-spawn: ^7.0.3
    node-cleanup: ^2.1.2
    ps-tree: ^1.2.0
    string-argv: ^0.1.1
    strip-ansi: ^6.0.0
  peerDependencies:
    typescript: "*"
  bin:
    tsc-watch: index.js
  checksum: 15c1c6aa67394cecd5d6c796832c5b62d76cd3c0e07268ca27453476fe96fa7c076cc8d1d10cbb40560a12c6de2fa94f18d3ceb1838bec88fb36dba7df828616
  languageName: node
  linkType: hard

"tslib@npm:2.2.0":
  version: 2.2.0
  resolution: "tslib@npm:2.2.0"
  checksum: a48c9639f7496fa701ea8ffe0561070fcb44c104a59632f7f845c0af00825c99b6373575ec59b2b5cdbfd7505875086dbe5dc83312304d8979f22ce571218ca3
  languageName: node
  linkType: hard

"tslib@npm:2.3.1":
  version: 2.3.1
  resolution: "tslib@npm:2.3.1"
  checksum: de17a98d4614481f7fcb5cd53ffc1aaf8654313be0291e1bfaee4b4bb31a20494b7d218ff2e15017883e8ea9626599b3b0e0229c18383ba9dce89da2adf15cb9
  languageName: node
  linkType: hard

"tslib@npm:^1.9.0":
  version: 1.14.1
  resolution: "tslib@npm:1.14.1"
  checksum: dbe628ef87f66691d5d2959b3e41b9ca0045c3ee3c7c7b906cc1e328b39f199bb1ad9e671c39025bd56122ac57dfbf7385a94843b1cc07c60a4db74795829acd
  languageName: node
  linkType: hard

typescript@4.3.5:
  version: 4.3.5
  resolution: "typescript@npm:4.3.5"
  bin:
    tsc: bin/tsc
    tsserver: bin/tsserver
  checksum: bab033b5e2b0790dd35b77fd005df976ef80b8d84fd2c6e63cc31808151875beae9216e5a315fe7068e8499905c3c354248fe83272cdfc13b7705635f0c66c97
  languageName: node
  linkType: hard

"typescript@patch:typescript@4.3.5#~builtin<compat/typescript>":
  version: 4.3.5
  resolution: "typescript@patch:typescript@npm%3A4.3.5#~builtin<compat/typescript>::version=4.3.5&hash=d8b4e7"
  bin:
    tsc: bin/tsc
    tsserver: bin/tsserver
  checksum: bc2c4fdf0f1557fdafe4ef74848c72ebd9c8c60829568248f869121aea2bb20e16649a252431d0acb185ec118143be22bed73d08f64379557810d82756afedde
  languageName: node
  linkType: hard

"uuid@npm:8.3.2":
  version: 8.3.2
  resolution: "uuid@npm:8.3.2"
  bin:
    uuid: dist/bin/uuid
  checksum: 5575a8a75c13120e2f10e6ddc801b2c7ed7d8f3c8ac22c7ed0c7b2ba6383ec0abda88c905085d630e251719e0777045ae3236f04c812184b7c765f63a70e58df
  languageName: node
  linkType: hard

"which-module@npm:^2.0.0":
  version: 2.0.0
  resolution: "which-module@npm:2.0.0"
  checksum: 809f7fd3dfcb2cdbe0180b60d68100c88785084f8f9492b0998c051d7a8efe56784492609d3f09ac161635b78ea29219eb1418a98c15ce87d085bce905705c9c
  languageName: node
  linkType: hard

"which@npm:^2.0.1":
  version: 2.0.2
  resolution: "which@npm:2.0.2"
  dependencies:
    isexe: ^2.0.0
  bin:
    node-which: ./bin/node-which
  checksum: 1a5c563d3c1b52d5f893c8b61afe11abc3bab4afac492e8da5bde69d550de701cf9806235f20a47b5c8fa8a1d6a9135841de2596535e998027a54589000e66d1
  languageName: node
  linkType: hard

"wrap-ansi@npm:^6.2.0":
  version: 6.2.0
  resolution: "wrap-ansi@npm:6.2.0"
  dependencies:
    ansi-styles: ^4.0.0
    string-width: ^4.1.0
    strip-ansi: ^6.0.0
  checksum: 6cd96a410161ff617b63581a08376f0cb9162375adeb7956e10c8cd397821f7eb2a6de24eb22a0b28401300bf228c86e50617cd568209b5f6775b93c97d2fe3a
  languageName: node
  linkType: hard

"y18n@npm:^4.0.0":
  version: 4.0.3
  resolution: "y18n@npm:4.0.3"
  checksum: 014dfcd9b5f4105c3bb397c1c8c6429a9df004aa560964fb36732bfb999bfe83d45ae40aeda5b55d21b1ee53d8291580a32a756a443e064317953f08025b1aa4
  languageName: node
  linkType: hard

"yargs-parser@npm:^18.1.2":
  version: 18.1.3
  resolution: "yargs-parser@npm:18.1.3"
  dependencies:
    camelcase: ^5.0.0
    decamelize: ^1.2.0
  checksum: 60e8c7d1b85814594d3719300ecad4e6ae3796748b0926137bfec1f3042581b8646d67e83c6fc80a692ef08b8390f21ddcacb9464476c39bbdf52e34961dd4d9
  languageName: node
  linkType: hard

"yargs@npm:15.4.1":
  version: 15.4.1
  resolution: "yargs@npm:15.4.1"
  dependencies:
    cliui: ^6.0.0
    decamelize: ^1.2.0
    find-up: ^4.1.0
    get-caller-file: ^2.0.1
    require-directory: ^2.1.1
    require-main-filename: ^2.0.0
    set-blocking: ^2.0.0
    string-width: ^4.2.0
    which-module: ^2.0.0
    y18n: ^4.0.0
    yargs-parser: ^18.1.2
  checksum: 40b974f508d8aed28598087720e086ecd32a5fd3e945e95ea4457da04ee9bdb8bdd17fd91acff36dc5b7f0595a735929c514c40c402416bbb87c03f6fb782373
  languageName: node
  linkType: hard
